
Microsoft Visual Studio Solution File, Format Version 12.00
# Visual Studio Version 16
VisualStudioVersion = 16.0.30413.136
MinimumVisualStudioVersion = 10.0.40219.1
Project("{FAE04EC0-301F-11D3-BF4B-00C04F79EFBC}") = "String_Builder", "String_Builder\String_Builder.csproj", "{4DD9B5EC-E783-4FA7-B7D6-B8AA3B0EA5DC}"
EndProject
Global
	GlobalSection(SolutionConfigurationPlatforms) = preSolution
		Debug|Any CPU = Debug|Any CPU
		Release|Any CPU = Release|Any CPU
	EndGlobalSection
	GlobalSection(ProjectConfigurationPlatforms) = postSolution
		{4DD9B5EC-E783-4FA7-B7D6-B8AA3B0EA5DC}.Debug|Any CPU.ActiveCfg = Debug|Any CPU
		{4DD9B5EC-E783-4FA7-B7D6-B8AA3B0EA5DC}.Debug|Any CPU.Build.0 = Debug|Any CPU
		{4DD9B5EC-E783-4FA7-B7D6-B8AA3B0EA5DC}.Release|Any CPU.ActiveCfg = Release|Any CPU
		{4DD9B5EC-E783-4FA7-B7D6-B8AA3B0EA5DC}.Release|Any CPU.Build.0 = Release|Any CPU
	EndGlobalSection
	GlobalSection(SolutionProperties) = preSolution
		HideSolutionNode = FALSE
	EndGlobalSection
	GlobalSection(ExtensibilityGlobals) = postSolution
		SolutionGuid = {202A809E-CDA8-4E2C-9421-566E84A00082}
	EndGlobalSection
EndGlobal
