
Microsoft Visual Studio Solution File, Format Version 12.00
# Visual Studio Version 16
VisualStudioVersion = 16.0.30413.136
MinimumVisualStudioVersion = 10.0.40219.1
Project("{FAE04EC0-301F-11D3-BF4B-00C04F79EFBC}") = "Strings", "Strings\Strings.csproj", "{B6561DD1-7488-4A60-8B0A-9A3694AA09D5}"
EndProject
Global
	GlobalSection(SolutionConfigurationPlatforms) = preSolution
		Debug|Any CPU = Debug|Any CPU
		Release|Any CPU = Release|Any CPU
	EndGlobalSection
	GlobalSection(ProjectConfigurationPlatforms) = postSolution
		{B6561DD1-7488-4A60-8B0A-9A3694AA09D5}.Debug|Any CPU.ActiveCfg = Debug|Any CPU
		{B6561DD1-7488-4A60-8B0A-9A3694AA09D5}.Debug|Any CPU.Build.0 = Debug|Any CPU
		{B6561DD1-7488-4A60-8B0A-9A3694AA09D5}.Release|Any CPU.ActiveCfg = Release|Any CPU
		{B6561DD1-7488-4A60-8B0A-9A3694AA09D5}.Release|Any CPU.Build.0 = Release|Any CPU
	EndGlobalSection
	GlobalSection(SolutionProperties) = preSolution
		HideSolutionNode = FALSE
	EndGlobalSection
	GlobalSection(ExtensibilityGlobals) = postSolution
		SolutionGuid = {E650A52A-6F2B-4DE5-8F46-CD65ED7CB098}
	EndGlobalSection
EndGlobal
