
Microsoft Visual Studio Solution File, Format Version 12.00
# Visual Studio Version 16
VisualStudioVersion = 16.0.30413.136
MinimumVisualStudioVersion = 10.0.40219.1
Project("{FAE04EC0-301F-11D3-BF4B-00C04F79EFBC}") = "Lists", "Lists\Lists.csproj", "{7F1612B4-335D-4155-8959-5460D1EEBD1F}"
EndProject
Global
	GlobalSection(SolutionConfigurationPlatforms) = preSolution
		Debug|Any CPU = Debug|Any CPU
		Release|Any CPU = Release|Any CPU
	EndGlobalSection
	GlobalSection(ProjectConfigurationPlatforms) = postSolution
		{7F1612B4-335D-4155-8959-5460D1EEBD1F}.Debug|Any CPU.ActiveCfg = Debug|Any CPU
		{7F1612B4-335D-4155-8959-5460D1EEBD1F}.Debug|Any CPU.Build.0 = Debug|Any CPU
		{7F1612B4-335D-4155-8959-5460D1EEBD1F}.Release|Any CPU.ActiveCfg = Release|Any CPU
		{7F1612B4-335D-4155-8959-5460D1EEBD1F}.Release|Any CPU.Build.0 = Release|Any CPU
	EndGlobalSection
	GlobalSection(SolutionProperties) = preSolution
		HideSolutionNode = FALSE
	EndGlobalSection
	GlobalSection(ExtensibilityGlobals) = postSolution
		SolutionGuid = {B30AE769-51DB-419A-B35E-13FD079E30A1}
	EndGlobalSection
EndGlobal
