
Microsoft Visual Studio Solution File, Format Version 12.00
# Visual Studio Version 16
VisualStudioVersion = 16.0.30413.136
MinimumVisualStudioVersion = 10.0.40219.1
Project("{FAE04EC0-301F-11D3-BF4B-00C04F79EFBC}") = "WorkingWithFilesE2 Read file display longest word", "WorkingWithFilesE2 Read file display longest word\WorkingWithFilesE2 Read file display longest word.csproj", "{3480CAB2-7B16-46CB-8241-9F1526B10911}"
EndProject
Global
	GlobalSection(SolutionConfigurationPlatforms) = preSolution
		Debug|Any CPU = Debug|Any CPU
		Release|Any CPU = Release|Any CPU
	EndGlobalSection
	GlobalSection(ProjectConfigurationPlatforms) = postSolution
		{3480CAB2-7B16-46CB-8241-9F1526B10911}.Debug|Any CPU.ActiveCfg = Debug|Any CPU
		{3480CAB2-7B16-46CB-8241-9F1526B10911}.Debug|Any CPU.Build.0 = Debug|Any CPU
		{3480CAB2-7B16-46CB-8241-9F1526B10911}.Release|Any CPU.ActiveCfg = Release|Any CPU
		{3480CAB2-7B16-46CB-8241-9F1526B10911}.Release|Any CPU.Build.0 = Release|Any CPU
	EndGlobalSection
	GlobalSection(SolutionProperties) = preSolution
		HideSolutionNode = FALSE
	EndGlobalSection
	GlobalSection(ExtensibilityGlobals) = postSolution
		SolutionGuid = {54006DBB-01BD-48C7-B43E-76DF7B7A863E}
	EndGlobalSection
EndGlobal
