
Microsoft Visual Studio Solution File, Format Version 12.00
# Visual Studio Version 16
VisualStudioVersion = 16.0.30413.136
MinimumVisualStudioVersion = 10.0.40219.1
Project("{FAE04EC0-301F-11D3-BF4B-00C04F79EFBC}") = "WorkingWithTextE2 Duplicate numbers", "WorkingWithTextE2 Duplicate numbers\WorkingWithTextE2 Duplicate numbers.csproj", "{345AAEA6-69B4-40CD-9376-9D715B383351}"
EndProject
Global
	GlobalSection(SolutionConfigurationPlatforms) = preSolution
		Debug|Any CPU = Debug|Any CPU
		Release|Any CPU = Release|Any CPU
	EndGlobalSection
	GlobalSection(ProjectConfigurationPlatforms) = postSolution
		{345AAEA6-69B4-40CD-9376-9D715B383351}.Debug|Any CPU.ActiveCfg = Debug|Any CPU
		{345AAEA6-69B4-40CD-9376-9D715B383351}.Debug|Any CPU.Build.0 = Debug|Any CPU
		{345AAEA6-69B4-40CD-9376-9D715B383351}.Release|Any CPU.ActiveCfg = Release|Any CPU
		{345AAEA6-69B4-40CD-9376-9D715B383351}.Release|Any CPU.Build.0 = Release|Any CPU
	EndGlobalSection
	GlobalSection(SolutionProperties) = preSolution
		HideSolutionNode = FALSE
	EndGlobalSection
	GlobalSection(ExtensibilityGlobals) = postSolution
		SolutionGuid = {4EAEFF8D-0572-40DB-815A-D2BA901A3527}
	EndGlobalSection
EndGlobal
