
Microsoft Visual Studio Solution File, Format Version 12.00
# Visual Studio Version 16
VisualStudioVersion = 16.0.30517.126
MinimumVisualStudioVersion = 10.0.40219.1
Project("{FAE04EC0-301F-11D3-BF4B-00C04F79EFBC}") = "Asynchronous programming", "Asynchronous programming\Asynchronous programming.csproj", "{38DE25D6-CBC2-472A-BD47-A61543A75A2E}"
EndProject
Global
	GlobalSection(SolutionConfigurationPlatforms) = preSolution
		Debug|Any CPU = Debug|Any CPU
		Release|Any CPU = Release|Any CPU
	EndGlobalSection
	GlobalSection(ProjectConfigurationPlatforms) = postSolution
		{38DE25D6-CBC2-472A-BD47-A61543A75A2E}.Debug|Any CPU.ActiveCfg = Debug|Any CPU
		{38DE25D6-CBC2-472A-BD47-A61543A75A2E}.Debug|Any CPU.Build.0 = Debug|Any CPU
		{38DE25D6-CBC2-472A-BD47-A61543A75A2E}.Release|Any CPU.ActiveCfg = Release|Any CPU
		{38DE25D6-CBC2-472A-BD47-A61543A75A2E}.Release|Any CPU.Build.0 = Release|Any CPU
	EndGlobalSection
	GlobalSection(SolutionProperties) = preSolution
		HideSolutionNode = FALSE
	EndGlobalSection
	GlobalSection(ExtensibilityGlobals) = postSolution
		SolutionGuid = {4A63D23D-23DB-4BF7-94C6-28343DBF8C18}
	EndGlobalSection
EndGlobal
