
Microsoft Visual Studio Solution File, Format Version 12.00
# Visual Studio Version 16
VisualStudioVersion = 16.0.30413.136
MinimumVisualStudioVersion = 10.0.40219.1
Project("{FAE04EC0-301F-11D3-BF4B-00C04F79EFBC}") = "File and FileInfo", "File and FileInfo\File and FileInfo.csproj", "{E70FCA45-9843-40DB-BC0A-6DAC7104B3C4}"
EndProject
Global
	GlobalSection(SolutionConfigurationPlatforms) = preSolution
		Debug|Any CPU = Debug|Any CPU
		Release|Any CPU = Release|Any CPU
	EndGlobalSection
	GlobalSection(ProjectConfigurationPlatforms) = postSolution
		{E70FCA45-9843-40DB-BC0A-6DAC7104B3C4}.Debug|Any CPU.ActiveCfg = Debug|Any CPU
		{E70FCA45-9843-40DB-BC0A-6DAC7104B3C4}.Debug|Any CPU.Build.0 = Debug|Any CPU
		{E70FCA45-9843-40DB-BC0A-6DAC7104B3C4}.Release|Any CPU.ActiveCfg = Release|Any CPU
		{E70FCA45-9843-40DB-BC0A-6DAC7104B3C4}.Release|Any CPU.Build.0 = Release|Any CPU
	EndGlobalSection
	GlobalSection(SolutionProperties) = preSolution
		HideSolutionNode = FALSE
	EndGlobalSection
	GlobalSection(ExtensibilityGlobals) = postSolution
		SolutionGuid = {5D045F2B-FCED-415B-B10C-FDFEFADA9296}
	EndGlobalSection
EndGlobal
