
Microsoft Visual Studio Solution File, Format Version 12.00
# Visual Studio Version 16
VisualStudioVersion = 16.0.30413.136
MinimumVisualStudioVersion = 10.0.40219.1
Project("{FAE04EC0-301F-11D3-BF4B-00C04F79EFBC}") = "ArraysandListsE1 NameReverseArray", "ArraysandListsE1 NameReverseArray\ArraysandListsE1 NameReverseArray.csproj", "{2B31210E-80F6-4A47-B375-3B2166CDD2B7}"
EndProject
Global
	GlobalSection(SolutionConfigurationPlatforms) = preSolution
		Debug|Any CPU = Debug|Any CPU
		Release|Any CPU = Release|Any CPU
	EndGlobalSection
	GlobalSection(ProjectConfigurationPlatforms) = postSolution
		{2B31210E-80F6-4A47-B375-3B2166CDD2B7}.Debug|Any CPU.ActiveCfg = Debug|Any CPU
		{2B31210E-80F6-4A47-B375-3B2166CDD2B7}.Debug|Any CPU.Build.0 = Debug|Any CPU
		{2B31210E-80F6-4A47-B375-3B2166CDD2B7}.Release|Any CPU.ActiveCfg = Release|Any CPU
		{2B31210E-80F6-4A47-B375-3B2166CDD2B7}.Release|Any CPU.Build.0 = Release|Any CPU
	EndGlobalSection
	GlobalSection(SolutionProperties) = preSolution
		HideSolutionNode = FALSE
	EndGlobalSection
	GlobalSection(ExtensibilityGlobals) = postSolution
		SolutionGuid = {01A633E2-51E1-4886-8D59-F1B60DF85080}
	EndGlobalSection
EndGlobal
